
Microsoft Visual Studio Solution File, Format Version 12.00
# Visual Studio Version 17
VisualStudioVersion = 17.4.33122.133
MinimumVisualStudioVersion = 10.0.40219.1
Project("{9A19103F-16F7-4668-BE54-9A1E7A4F7556}") = "WEBGSTCore", "WEBGSTCore.csproj", "{480CCBFC-5712-49C9-AF13-FEE3448A5467}"
EndProject
Project("{9A19103F-16F7-4668-BE54-9A1E7A4F7556}") = "Entity", "..\Entity\Entity.csproj", "{E7C9AA10-EA5F-4175-97E6-A1C5945981EA}"
EndProject
Project("{9A19103F-16F7-4668-BE54-9A1E7A4F7556}") = "DALC", "..\DALC\DALC.csproj", "{E4C02A72-34B2-412C-84FE-63184044168E}"
EndProject
Project("{9A19103F-16F7-4668-BE54-9A1E7A4F7556}") = "BLL", "..\BLL\BLL.csproj", "{2BCDD37B-85B1-44EF-B253-5C26CBBFCC07}"
EndProject
Project("{9A19103F-16F7-4668-BE54-9A1E7A4F7556}") = "Utility", "..\Utility\Utility.csproj", "{749870FF-9BFD-4F16-A5B9-1BCA05AEA08B}"
EndProject
Global
	GlobalSection(SolutionConfigurationPlatforms) = preSolution
		Debug|Any CPU = Debug|Any CPU
		Release|Any CPU = Release|Any CPU
	EndGlobalSection
	GlobalSection(ProjectConfigurationPlatforms) = postSolution
		{480CCBFC-5712-49C9-AF13-FEE3448A5467}.Debug|Any CPU.ActiveCfg = Debug|Any CPU
		{480CCBFC-5712-49C9-AF13-FEE3448A5467}.Debug|Any CPU.Build.0 = Debug|Any CPU
		{480CCBFC-5712-49C9-AF13-FEE3448A5467}.Release|Any CPU.ActiveCfg = Release|Any CPU
		{480CCBFC-5712-49C9-AF13-FEE3448A5467}.Release|Any CPU.Build.0 = Release|Any CPU
		{E7C9AA10-EA5F-4175-97E6-A1C5945981EA}.Debug|Any CPU.ActiveCfg = Debug|Any CPU
		{E7C9AA10-EA5F-4175-97E6-A1C5945981EA}.Debug|Any CPU.Build.0 = Debug|Any CPU
		{E7C9AA10-EA5F-4175-97E6-A1C5945981EA}.Release|Any CPU.ActiveCfg = Release|Any CPU
		{E7C9AA10-EA5F-4175-97E6-A1C5945981EA}.Release|Any CPU.Build.0 = Release|Any CPU
		{E4C02A72-34B2-412C-84FE-63184044168E}.Debug|Any CPU.ActiveCfg = Debug|Any CPU
		{E4C02A72-34B2-412C-84FE-63184044168E}.Debug|Any CPU.Build.0 = Debug|Any CPU
		{E4C02A72-34B2-412C-84FE-63184044168E}.Release|Any CPU.ActiveCfg = Release|Any CPU
		{E4C02A72-34B2-412C-84FE-63184044168E}.Release|Any CPU.Build.0 = Release|Any CPU
		{2BCDD37B-85B1-44EF-B253-5C26CBBFCC07}.Debug|Any CPU.ActiveCfg = Debug|Any CPU
		{2BCDD37B-85B1-44EF-B253-5C26CBBFCC07}.Debug|Any CPU.Build.0 = Debug|Any CPU
		{2BCDD37B-85B1-44EF-B253-5C26CBBFCC07}.Release|Any CPU.ActiveCfg = Release|Any CPU
		{2BCDD37B-85B1-44EF-B253-5C26CBBFCC07}.Release|Any CPU.Build.0 = Release|Any CPU
		{749870FF-9BFD-4F16-A5B9-1BCA05AEA08B}.Debug|Any CPU.ActiveCfg = Debug|Any CPU
		{749870FF-9BFD-4F16-A5B9-1BCA05AEA08B}.Debug|Any CPU.Build.0 = Debug|Any CPU
		{749870FF-9BFD-4F16-A5B9-1BCA05AEA08B}.Release|Any CPU.ActiveCfg = Release|Any CPU
		{749870FF-9BFD-4F16-A5B9-1BCA05AEA08B}.Release|Any CPU.Build.0 = Release|Any CPU
	EndGlobalSection
	GlobalSection(SolutionProperties) = preSolution
		HideSolutionNode = FALSE
	EndGlobalSection
	GlobalSection(ExtensibilityGlobals) = postSolution
		SolutionGuid = {8E940210-5918-4E1E-85FD-2F8FF29FE53D}
	EndGlobalSection
EndGlobal
